{
  "name": "sprae",
  "version": "0.1.0",
  "lockfileVersion": 2,
  "requires": true,
  "packages": {
    "": {
      "name": "sprae",
      "version": "0.1.0",
      "license": "ISC",
      "dependencies": {
        "element-props": "^2.3.0",
        "htm": "^3.1.1",
        "preact": "^10.11.2",
        "sube": "^2.2.1",
        "swapdom": "^1.1.1"
      },
      "devDependencies": {
        "@preact/signals": "^1.1.2",
        "es-module-shims": "^1.6.2",
        "hyperf": "^1.4.0",
        "tst": "^7.1.1",
        "value-ref": "^2.1.0",
        "wait-please": "^3.1.0"
      }
    },
    "node_modules/@preact/signals": {
      "version": "1.1.2",
      "resolved": "https://registry.npmjs.org/@preact/signals/-/signals-1.1.2.tgz",
      "integrity": "sha512-MLNNrICSllHBhpXBvXbl7K5L1HmIjuTzgBw+zdODqjM/cLGPXdYiAWt4lqXlrxNavYdoU4eljb+TLE+DRL+6yw==",
      "dev": true,
      "dependencies": {
        "@preact/signals-core": "^1.2.2"
      },
      "funding": {
        "type": "opencollective",
        "url": "https://opencollective.com/preact"
      },
      "peerDependencies": {
        "preact": "10.x"
      }
    },
    "node_modules/@preact/signals-core": {
      "version": "1.2.2",
      "resolved": "https://registry.npmjs.org/@preact/signals-core/-/signals-core-1.2.2.tgz",
      "integrity": "sha512-z3/bCj7rRA21RJb4FeJ4guCrD1CQbaURHkCTunUWQpxUMAFOPXCD8tSFqERyGrrcSb4T3Hrmdc1OAl0LXBHwiw==",
      "dev": true,
      "funding": {
        "type": "opencollective",
        "url": "https://opencollective.com/preact"
      }
    },
    "node_modules/element-props": {
      "version": "2.3.0",
      "resolved": "https://registry.npmjs.org/element-props/-/element-props-2.3.0.tgz",
      "integrity": "sha512-g7zcnZ1c7yGlqcar3aCsfv/OxUhM45hFyEl8fbcTnupAelLKPJddEsFhDenUuwY+6+ej6DABmUlciuoHkDyVyg=="
    },
    "node_modules/es-module-shims": {
      "version": "1.6.2",
      "resolved": "https://registry.npmjs.org/es-module-shims/-/es-module-shims-1.6.2.tgz",
      "integrity": "sha512-VISkM/sF/TlQzFY3WlyCXj3Fkv7+L3pErEFmrDHj0URx54EMY9GpSbW3CE04ZqWk6qrC/YsRDBTu9QvU2n0dZw==",
      "dev": true
    },
    "node_modules/htm": {
      "version": "3.1.1",
      "resolved": "https://registry.npmjs.org/htm/-/htm-3.1.1.tgz",
      "integrity": "sha512-983Vyg8NwUE7JkZ6NmOqpCZ+sh1bKv2iYTlUkzlWmA5JD2acKoxd4KVxbMmxX/85mtfdnDmTFoNKcg5DGAvxNQ=="
    },
    "node_modules/hyperf": {
      "version": "1.4.0",
      "resolved": "https://registry.npmjs.org/hyperf/-/hyperf-1.4.0.tgz",
      "integrity": "sha512-Z6XhvG1TjlqWRe7R+CIcO+qccMbHCpV2Qekz3truEOduCE9v4vz5EFlLule/wiTH823aVMB8PpEINw5+bp/rJQ==",
      "dev": true,
      "dependencies": {
        "element-props": "^2.0.4",
        "htm": "^3.1.0",
        "sube": "^2.2.1",
        "swapdom": "^1.1.1"
      }
    },
    "node_modules/preact": {
      "version": "10.11.2",
      "resolved": "https://registry.npmjs.org/preact/-/preact-10.11.2.tgz",
      "integrity": "sha512-skAwGDFmgxhq1DCBHke/9e12ewkhc7WYwjuhHB8HHS8zkdtITXLRmUMTeol2ldxvLwYtwbFeifZ9uDDWuyL4Iw==",
      "funding": {
        "type": "opencollective",
        "url": "https://opencollective.com/preact"
      }
    },
    "node_modules/sube": {
      "version": "2.2.1",
      "resolved": "https://registry.npmjs.org/sube/-/sube-2.2.1.tgz",
      "integrity": "sha512-BSqw+L5FGGxwxtN7BMLKy0qBv3LlcCiLxQoVkbHvg1Ce1gfOgaY0opNikRboC8aqhAs0rD66HPMEmYVtmcgtFg=="
    },
    "node_modules/swapdom": {
      "version": "1.1.1",
      "resolved": "https://registry.npmjs.org/swapdom/-/swapdom-1.1.1.tgz",
      "integrity": "sha512-d6nEZ4rr9uL1aiBc4Oo+P/VyGsmCSYFG7TIkjTlW1SPEG60qEJSqE81aUK/nDTqqmBpGNOzo27rZpUlA4Cq5Jg=="
    },
    "node_modules/tst": {
      "version": "7.1.1",
      "resolved": "https://registry.npmjs.org/tst/-/tst-7.1.1.tgz",
      "integrity": "sha512-8YzRv0WfbdXT6xiJasrH43D04PvzJONxLNSbLvWuXggKLmVJFYxG6DnXaWZNw4SOPoCYw6AaUxCfNf887TzVHw==",
      "dev": true
    },
    "node_modules/value-ref": {
      "version": "2.1.0",
      "resolved": "https://registry.npmjs.org/value-ref/-/value-ref-2.1.0.tgz",
      "integrity": "sha512-74dqNOORKzQDFOsAD4np9UykJgDNCihnb0uxRfYJVW4QMMtewNs2zPonJZgYPYhIc/azP2xHnxbitPCBwt5BZg==",
      "dev": true,
      "dependencies": {
        "sube": "^2.2.1"
      }
    },
    "node_modules/wait-please": {
      "version": "3.1.0",
      "resolved": "https://registry.npmjs.org/wait-please/-/wait-please-3.1.0.tgz",
      "integrity": "sha512-e6HoJfrAaHqUHzSihLKbevy47fdO6eWDjXenuCKT0QzfuuIK3ekHUYggvjjCOjtsOMx3vcrQSXckJp6+IAkrBA==",
      "dev": true
    }
  },
  "dependencies": {
    "@preact/signals": {
      "version": "1.1.2",
      "resolved": "https://registry.npmjs.org/@preact/signals/-/signals-1.1.2.tgz",
      "integrity": "sha512-MLNNrICSllHBhpXBvXbl7K5L1HmIjuTzgBw+zdODqjM/cLGPXdYiAWt4lqXlrxNavYdoU4eljb+TLE+DRL+6yw==",
      "dev": true,
      "requires": {
        "@preact/signals-core": "^1.2.2"
      }
    },
    "@preact/signals-core": {
      "version": "1.2.2",
      "resolved": "https://registry.npmjs.org/@preact/signals-core/-/signals-core-1.2.2.tgz",
      "integrity": "sha512-z3/bCj7rRA21RJb4FeJ4guCrD1CQbaURHkCTunUWQpxUMAFOPXCD8tSFqERyGrrcSb4T3Hrmdc1OAl0LXBHwiw==",
      "dev": true
    },
    "element-props": {
      "version": "2.3.0",
      "resolved": "https://registry.npmjs.org/element-props/-/element-props-2.3.0.tgz",
      "integrity": "sha512-g7zcnZ1c7yGlqcar3aCsfv/OxUhM45hFyEl8fbcTnupAelLKPJddEsFhDenUuwY+6+ej6DABmUlciuoHkDyVyg=="
    },
    "es-module-shims": {
      "version": "1.6.2",
      "resolved": "https://registry.npmjs.org/es-module-shims/-/es-module-shims-1.6.2.tgz",
      "integrity": "sha512-VISkM/sF/TlQzFY3WlyCXj3Fkv7+L3pErEFmrDHj0URx54EMY9GpSbW3CE04ZqWk6qrC/YsRDBTu9QvU2n0dZw==",
      "dev": true
    },
    "htm": {
      "version": "3.1.1",
      "resolved": "https://registry.npmjs.org/htm/-/htm-3.1.1.tgz",
      "integrity": "sha512-983Vyg8NwUE7JkZ6NmOqpCZ+sh1bKv2iYTlUkzlWmA5JD2acKoxd4KVxbMmxX/85mtfdnDmTFoNKcg5DGAvxNQ=="
    },
    "hyperf": {
      "version": "1.4.0",
      "resolved": "https://registry.npmjs.org/hyperf/-/hyperf-1.4.0.tgz",
      "integrity": "sha512-Z6XhvG1TjlqWRe7R+CIcO+qccMbHCpV2Qekz3truEOduCE9v4vz5EFlLule/wiTH823aVMB8PpEINw5+bp/rJQ==",
      "dev": true,
      "requires": {
        "element-props": "^2.0.4",
        "htm": "^3.1.0",
        "sube": "^2.2.1",
        "swapdom": "^1.1.1"
      }
    },
    "preact": {
      "version": "10.11.2",
      "resolved": "https://registry.npmjs.org/preact/-/preact-10.11.2.tgz",
      "integrity": "sha512-skAwGDFmgxhq1DCBHke/9e12ewkhc7WYwjuhHB8HHS8zkdtITXLRmUMTeol2ldxvLwYtwbFeifZ9uDDWuyL4Iw=="
    },
    "sube": {
      "version": "2.2.1",
      "resolved": "https://registry.npmjs.org/sube/-/sube-2.2.1.tgz",
      "integrity": "sha512-BSqw+L5FGGxwxtN7BMLKy0qBv3LlcCiLxQoVkbHvg1Ce1gfOgaY0opNikRboC8aqhAs0rD66HPMEmYVtmcgtFg=="
    },
    "swapdom": {
      "version": "1.1.1",
      "resolved": "https://registry.npmjs.org/swapdom/-/swapdom-1.1.1.tgz",
      "integrity": "sha512-d6nEZ4rr9uL1aiBc4Oo+P/VyGsmCSYFG7TIkjTlW1SPEG60qEJSqE81aUK/nDTqqmBpGNOzo27rZpUlA4Cq5Jg=="
    },
    "tst": {
      "version": "7.1.1",
      "resolved": "https://registry.npmjs.org/tst/-/tst-7.1.1.tgz",
      "integrity": "sha512-8YzRv0WfbdXT6xiJasrH43D04PvzJONxLNSbLvWuXggKLmVJFYxG6DnXaWZNw4SOPoCYw6AaUxCfNf887TzVHw==",
      "dev": true
    },
    "value-ref": {
      "version": "2.1.0",
      "resolved": "https://registry.npmjs.org/value-ref/-/value-ref-2.1.0.tgz",
      "integrity": "sha512-74dqNOORKzQDFOsAD4np9UykJgDNCihnb0uxRfYJVW4QMMtewNs2zPonJZgYPYhIc/azP2xHnxbitPCBwt5BZg==",
      "dev": true,
      "requires": {
        "sube": "^2.2.1"
      }
    },
    "wait-please": {
      "version": "3.1.0",
      "resolved": "https://registry.npmjs.org/wait-please/-/wait-please-3.1.0.tgz",
      "integrity": "sha512-e6HoJfrAaHqUHzSihLKbevy47fdO6eWDjXenuCKT0QzfuuIK3ekHUYggvjjCOjtsOMx3vcrQSXckJp6+IAkrBA==",
      "dev": true
    }
  }
}
